# This file is automatically @generated by Cargo.
# It is not intended for manual editing.
version = 4

[[package]]
name = "domain"
version = "0.1.0"

[[package]]
name = "strata-ai"
version = "0.1.0"

[[package]]
name = "strata-api"
version = "0.1.0"

[[package]]
name = "strata-client"
version = "0.1.0"

[[package]]
name = "strata-codegen"
version = "0.1.0"

[[package]]
name = "strata-common"
version = "0.1.0"

[[package]]
name = "strata-core"
version = "0.1.0"

[[package]]
name = "strata-graph"
version = "0.1.0"

[[package]]
name = "strata-index"
version = "0.1.0"

[[package]]
name = "strata-jobs"
version = "0.1.0"

[[package]]
name = "strata-testkit"
version = "0.1.0"

[[package]]
name = "strata-vault"
version = "0.1.0"

[[package]]
name = "stratad"
version = "0.1.0"

[[package]]
name = "text-normalize"
version = "0.1.0"

[[package]]
name = "vault-format"
version = "0.1.0"
